
Microsoft Visual Studio Solution File, Format Version 12.00
# Visual Studio Version 17
VisualStudioVersion = 17.0.31903.59
MinimumVisualStudioVersion = 10.0.40219.1
Project("{2150E333-8FDC-42A3-9474-1A3956D46DE8}") = "src", "src", "{3463386F-B8D6-4899-A736-63B07DB9D55D}"
EndProject
Project("{FAE04EC0-301F-11D3-BF4B-00C04F79EFBC}") = "OpenLearning.Web", "src\OpenLearning.Web\OpenLearning.Web.csproj", "{59266E3F-A056-48B6-A2EC-CBBAFD1AB326}"
EndProject
Project("{FAE04EC0-301F-11D3-BF4B-00C04F79EFBC}") = "OpenLearning.Auth", "src\OpenLearning.Auth\OpenLearning.Auth.csproj", "{4AC02408-1993-4B1C-9313-BE3FE9B1A2D5}"
EndProject
Project("{FAE04EC0-301F-11D3-BF4B-00C04F79EFBC}") = "OpenLearning.CourseManagement", "src\OpenLearning.CourseManagement\OpenLearning.CourseManagement.csproj", "{0C577CA4-36B0-42BA-9D3A-49B7824F3B43}"
EndProject
Project("{FAE04EC0-301F-11D3-BF4B-00C04F79EFBC}") = "OpenLearning.Enrollment", "src\OpenLearning.Enrollment\OpenLearning.Enrollment.csproj", "{218A6626-EF56-4221-B75E-9E80221F278F}"
EndProject
Project("{FAE04EC0-301F-11D3-BF4B-00C04F79EFBC}") = "OpenLearning.Progress", "src\OpenLearning.Progress\OpenLearning.Progress.csproj", "{9A8D4D9A-E916-498F-9C9F-159558CFD67B}"
EndProject
Project("{FAE04EC0-301F-11D3-BF4B-00C04F79EFBC}") = "OpenLearning.Data", "src\OpenLearning.Data\OpenLearning.Data.csproj", "{0B282BE4-D8E4-4AF6-A8CC-216751DD85ED}"
EndProject
Project("{FAE04EC0-301F-11D3-BF4B-00C04F79EFBC}") = "OpenLearning.Assessments", "src\OpenLearning.Assessments\OpenLearning.Assessments.csproj", "{67D76668-D397-4DC1-9444-084899F74A7C}"
EndProject
Project("{FAE04EC0-301F-11D3-BF4B-00C04F79EFBC}") = "OpenLearning.Ecommerce", "src\OpenLearning.Ecommerce\OpenLearning.Ecommerce.csproj", "{531D1C8C-9286-47FE-AE9C-662A14B2B425}"
EndProject
Project("{FAE04EC0-301F-11D3-BF4B-00C04F79EFBC}") = "OpenLearning.Scorm", "src\OpenLearning.Scorm\OpenLearning.Scorm.csproj", "{EB3E10B0-F10B-4849-A504-201CE248EE03}"
EndProject
Project("{FAE04EC0-301F-11D3-BF4B-00C04F79EFBC}") = "OpenLearning.Chat", "src\OpenLearning.Chat\OpenLearning.Chat.csproj", "{117E443F-1783-49E3-A628-83AECE716B0D}"
EndProject
Project("{FAE04EC0-301F-11D3-BF4B-00C04F79EFBC}") = "OpenLearning.UserManagement", "src\OpenLearning.UserManagement\OpenLearning.UserManagement.csproj", "{06D36A36-6123-445E-A4CD-08DF86C985ED}"
EndProject
Project("{FAE04EC0-301F-11D3-BF4B-00C04F79EFBC}") = "OpenLearning.Ratings", "src\OpenLearning.Ratings\OpenLearning.Ratings.csproj", "{32ED8CA4-0C23-4CE4-BFB8-C36E214754DD}"
EndProject
Project("{FAE04EC0-301F-11D3-BF4B-00C04F79EFBC}") = "OpenLearning.Certificates", "src\OpenLearning.Certificates\OpenLearning.Certificates.csproj", "{96F847A4-1016-4B2B-B9AD-2B5D8369442C}"
EndProject
Project("{FAE04EC0-301F-11D3-BF4B-00C04F79EFBC}") = "OpenLearning.Notifications", "src\OpenLearning.Notifications\OpenLearning.Notifications.csproj", "{3DBBE9D1-D33B-4C61-B4D0-B949C52A7A25}"
EndProject
Project("{2150E333-8FDC-42A3-9474-1A3956D46DE8}") = "tests", "tests", "{D65CBABA-B5EA-4857-B842-15FBE3FF0801}"
EndProject
Project("{FAE04EC0-301F-11D3-BF4B-00C04F79EFBC}") = "OpenLearning.ArchitectureTests", "tests\OpenLearning.ArchitectureTests\OpenLearning.ArchitectureTests.csproj", "{7C035449-F57B-4C66-BCC0-72119C65F1F8}"
EndProject
Project("{FAE04EC0-301F-11D3-BF4B-00C04F79EFBC}") = "OpenLearning.UnitTests", "tests\OpenLearning.UnitTests\OpenLearning.UnitTests.csproj", "{DB2C0DA0-A311-4581-A006-1868185A55FC}"
EndProject
Project("{FAE04EC0-301F-11D3-BF4B-00C04F79EFBC}") = "OpenLearning.Quality", "src\OpenLearning.Quality\OpenLearning.Quality.csproj", "{0D1D3A6B-1C32-47B4-AA60-2C51C537C17A}"
EndProject
Project("{FAE04EC0-301F-11D3-BF4B-00C04F79EFBC}") = "OpenLearning.Storage", "src\OpenLearning.Storage\OpenLearning.Storage.csproj", "{EF4C5559-F770-4E58-A21A-A7F992B564D0}"
EndProject
Project("{FAE04EC0-301F-11D3-BF4B-00C04F79EFBC}") = "OpenLearning.Logging", "src\OpenLearning.Logging\OpenLearning.Logging.csproj", "{D04D01EA-6A11-4646-879F-CA91143D0BB6}"
EndProject
Project("{FAE04EC0-301F-11D3-BF4B-00C04F79EFBC}") = "OpenLearning.SystemConfig", "src\OpenLearning.SystemConfig\OpenLearning.SystemConfig.csproj", "{C6D29374-0EC4-4E02-91AB-AD0F98ACA19E}"
EndProject
Project("{FAE04EC0-301F-11D3-BF4B-00C04F79EFBC}") = "OpenLearning.Memberships", "src\OpenLearning.Memberships\OpenLearning.Memberships.csproj", "{E337CE51-D0FB-4FBD-BB49-539A8C051905}"
EndProject
Project("{FAE04EC0-301F-11D3-BF4B-00C04F79EFBC}") = "OpenLearning.Operations", "src\OpenLearning.Operations\OpenLearning.Operations.csproj", "{5C692F9E-7EE5-4F22-B098-E689EBBC1DC6}"
EndProject
Project("{FAE04EC0-301F-11D3-BF4B-00C04F79EFBC}") = "OpenLearning.Assignments", "src\OpenLearning.Assignments\OpenLearning.Assignments.csproj", "{A9F94E72-2DBB-466B-B814-769A18A34AFE}"
EndProject
Project("{FAE04EC0-301F-11D3-BF4B-00C04F79EFBC}") = "OpenLearning.StudyTools", "src\OpenLearning.StudyTools\OpenLearning.StudyTools.csproj", "{A6405270-1DE7-4D4B-BD26-4C1C563DAF6A}"
EndProject
Project("{FAE04EC0-301F-11D3-BF4B-00C04F79EFBC}") = "OpenLearning.Settlement", "src\OpenLearning.Settlement\OpenLearning.Settlement.csproj", "{9330F299-E800-451B-9DB3-9CBB08EC3B25}"
EndProject
Project("{FAE04EC0-301F-11D3-BF4B-00C04F79EFBC}") = "OpenLearning.Exams", "src\OpenLearning.Exams\OpenLearning.Exams.csproj", "{325A8943-C71A-4502-A95D-C0476A7645A8}"
EndProject
Project("{FAE04EC0-301F-11D3-BF4B-00C04F79EFBC}") = "OpenLearning.Navigation", "src\OpenLearning.Navigation\OpenLearning.Navigation.csproj", "{E7F2246C-CB87-4A36-8743-43E9A1AACB03}"
EndProject
Project("{FAE04EC0-301F-11D3-BF4B-00C04F79EFBC}") = "OpenLearning.Classes", "src\OpenLearning.Classes\OpenLearning.Classes.csproj", "{3F02BB37-E1A1-4A0C-B8AC-E695282CADFB}"
EndProject
Project("{FAE04EC0-301F-11D3-BF4B-00C04F79EFBC}") = "OpenLearning.Community", "src\OpenLearning.Community\OpenLearning.Community.csproj", "{C9FE0199-4334-4347-BF08-027A4BEC16B2}"
EndProject
Global
	GlobalSection(SolutionConfigurationPlatforms) = preSolution
		Debug|Any CPU = Debug|Any CPU
		Release|Any CPU = Release|Any CPU
	EndGlobalSection
	GlobalSection(SolutionProperties) = preSolution
		HideSolutionNode = FALSE
	EndGlobalSection
	GlobalSection(ProjectConfigurationPlatforms) = postSolution
		{59266E3F-A056-48B6-A2EC-CBBAFD1AB326}.Debug|Any CPU.ActiveCfg = Debug|Any CPU
		{59266E3F-A056-48B6-A2EC-CBBAFD1AB326}.Debug|Any CPU.Build.0 = Debug|Any CPU
		{59266E3F-A056-48B6-A2EC-CBBAFD1AB326}.Release|Any CPU.ActiveCfg = Release|Any CPU
		{59266E3F-A056-48B6-A2EC-CBBAFD1AB326}.Release|Any CPU.Build.0 = Release|Any CPU
		{4AC02408-1993-4B1C-9313-BE3FE9B1A2D5}.Debug|Any CPU.ActiveCfg = Debug|Any CPU
		{4AC02408-1993-4B1C-9313-BE3FE9B1A2D5}.Debug|Any CPU.Build.0 = Debug|Any CPU
		{4AC02408-1993-4B1C-9313-BE3FE9B1A2D5}.Release|Any CPU.ActiveCfg = Release|Any CPU
		{4AC02408-1993-4B1C-9313-BE3FE9B1A2D5}.Release|Any CPU.Build.0 = Release|Any CPU
		{0C577CA4-36B0-42BA-9D3A-49B7824F3B43}.Debug|Any CPU.ActiveCfg = Debug|Any CPU
		{0C577CA4-36B0-42BA-9D3A-49B7824F3B43}.Debug|Any CPU.Build.0 = Debug|Any CPU
		{0C577CA4-36B0-42BA-9D3A-49B7824F3B43}.Release|Any CPU.ActiveCfg = Release|Any CPU
		{0C577CA4-36B0-42BA-9D3A-49B7824F3B43}.Release|Any CPU.Build.0 = Release|Any CPU
		{218A6626-EF56-4221-B75E-9E80221F278F}.Debug|Any CPU.ActiveCfg = Debug|Any CPU
		{218A6626-EF56-4221-B75E-9E80221F278F}.Debug|Any CPU.Build.0 = Debug|Any CPU
		{218A6626-EF56-4221-B75E-9E80221F278F}.Release|Any CPU.ActiveCfg = Release|Any CPU
		{218A6626-EF56-4221-B75E-9E80221F278F}.Release|Any CPU.Build.0 = Release|Any CPU
		{9A8D4D9A-E916-498F-9C9F-159558CFD67B}.Debug|Any CPU.ActiveCfg = Debug|Any CPU
		{9A8D4D9A-E916-498F-9C9F-159558CFD67B}.Debug|Any CPU.Build.0 = Debug|Any CPU
		{9A8D4D9A-E916-498F-9C9F-159558CFD67B}.Release|Any CPU.ActiveCfg = Release|Any CPU
		{9A8D4D9A-E916-498F-9C9F-159558CFD67B}.Release|Any CPU.Build.0 = Release|Any CPU
		{0B282BE4-D8E4-4AF6-A8CC-216751DD85ED}.Debug|Any CPU.ActiveCfg = Debug|Any CPU
		{0B282BE4-D8E4-4AF6-A8CC-216751DD85ED}.Debug|Any CPU.Build.0 = Debug|Any CPU
		{0B282BE4-D8E4-4AF6-A8CC-216751DD85ED}.Release|Any CPU.ActiveCfg = Release|Any CPU
		{0B282BE4-D8E4-4AF6-A8CC-216751DD85ED}.Release|Any CPU.Build.0 = Release|Any CPU
		{67D76668-D397-4DC1-9444-084899F74A7C}.Debug|Any CPU.ActiveCfg = Debug|Any CPU
		{67D76668-D397-4DC1-9444-084899F74A7C}.Debug|Any CPU.Build.0 = Debug|Any CPU
		{67D76668-D397-4DC1-9444-084899F74A7C}.Release|Any CPU.ActiveCfg = Release|Any CPU
		{67D76668-D397-4DC1-9444-084899F74A7C}.Release|Any CPU.Build.0 = Release|Any CPU
		{531D1C8C-9286-47FE-AE9C-662A14B2B425}.Debug|Any CPU.ActiveCfg = Debug|Any CPU
		{531D1C8C-9286-47FE-AE9C-662A14B2B425}.Debug|Any CPU.Build.0 = Debug|Any CPU
		{531D1C8C-9286-47FE-AE9C-662A14B2B425}.Release|Any CPU.ActiveCfg = Release|Any CPU
		{531D1C8C-9286-47FE-AE9C-662A14B2B425}.Release|Any CPU.Build.0 = Release|Any CPU
		{EB3E10B0-F10B-4849-A504-201CE248EE03}.Debug|Any CPU.ActiveCfg = Debug|Any CPU
		{EB3E10B0-F10B-4849-A504-201CE248EE03}.Debug|Any CPU.Build.0 = Debug|Any CPU
		{EB3E10B0-F10B-4849-A504-201CE248EE03}.Release|Any CPU.ActiveCfg = Release|Any CPU
		{EB3E10B0-F10B-4849-A504-201CE248EE03}.Release|Any CPU.Build.0 = Release|Any CPU
		{117E443F-1783-49E3-A628-83AECE716B0D}.Debug|Any CPU.ActiveCfg = Debug|Any CPU
		{117E443F-1783-49E3-A628-83AECE716B0D}.Debug|Any CPU.Build.0 = Debug|Any CPU
		{117E443F-1783-49E3-A628-83AECE716B0D}.Release|Any CPU.ActiveCfg = Release|Any CPU
		{117E443F-1783-49E3-A628-83AECE716B0D}.Release|Any CPU.Build.0 = Release|Any CPU
		{06D36A36-6123-445E-A4CD-08DF86C985ED}.Debug|Any CPU.ActiveCfg = Debug|Any CPU
		{06D36A36-6123-445E-A4CD-08DF86C985ED}.Debug|Any CPU.Build.0 = Debug|Any CPU
		{06D36A36-6123-445E-A4CD-08DF86C985ED}.Release|Any CPU.ActiveCfg = Release|Any CPU
		{06D36A36-6123-445E-A4CD-08DF86C985ED}.Release|Any CPU.Build.0 = Release|Any CPU
		{32ED8CA4-0C23-4CE4-BFB8-C36E214754DD}.Debug|Any CPU.ActiveCfg = Debug|Any CPU
		{32ED8CA4-0C23-4CE4-BFB8-C36E214754DD}.Debug|Any CPU.Build.0 = Debug|Any CPU
		{32ED8CA4-0C23-4CE4-BFB8-C36E214754DD}.Release|Any CPU.ActiveCfg = Release|Any CPU
		{32ED8CA4-0C23-4CE4-BFB8-C36E214754DD}.Release|Any CPU.Build.0 = Release|Any CPU
		{96F847A4-1016-4B2B-B9AD-2B5D8369442C}.Debug|Any CPU.ActiveCfg = Debug|Any CPU
		{96F847A4-1016-4B2B-B9AD-2B5D8369442C}.Debug|Any CPU.Build.0 = Debug|Any CPU
		{96F847A4-1016-4B2B-B9AD-2B5D8369442C}.Release|Any CPU.ActiveCfg = Release|Any CPU
		{96F847A4-1016-4B2B-B9AD-2B5D8369442C}.Release|Any CPU.Build.0 = Release|Any CPU
		{3DBBE9D1-D33B-4C61-B4D0-B949C52A7A25}.Debug|Any CPU.ActiveCfg = Debug|Any CPU
		{3DBBE9D1-D33B-4C61-B4D0-B949C52A7A25}.Debug|Any CPU.Build.0 = Debug|Any CPU
		{3DBBE9D1-D33B-4C61-B4D0-B949C52A7A25}.Release|Any CPU.ActiveCfg = Release|Any CPU
		{3DBBE9D1-D33B-4C61-B4D0-B949C52A7A25}.Release|Any CPU.Build.0 = Release|Any CPU
		{7C035449-F57B-4C66-BCC0-72119C65F1F8}.Debug|Any CPU.ActiveCfg = Debug|Any CPU
		{7C035449-F57B-4C66-BCC0-72119C65F1F8}.Debug|Any CPU.Build.0 = Debug|Any CPU
		{7C035449-F57B-4C66-BCC0-72119C65F1F8}.Release|Any CPU.ActiveCfg = Release|Any CPU
		{7C035449-F57B-4C66-BCC0-72119C65F1F8}.Release|Any CPU.Build.0 = Release|Any CPU
		{DB2C0DA0-A311-4581-A006-1868185A55FC}.Debug|Any CPU.ActiveCfg = Debug|Any CPU
		{DB2C0DA0-A311-4581-A006-1868185A55FC}.Debug|Any CPU.Build.0 = Debug|Any CPU
		{DB2C0DA0-A311-4581-A006-1868185A55FC}.Release|Any CPU.ActiveCfg = Release|Any CPU
		{DB2C0DA0-A311-4581-A006-1868185A55FC}.Release|Any CPU.Build.0 = Release|Any CPU
		{0D1D3A6B-1C32-47B4-AA60-2C51C537C17A}.Debug|Any CPU.ActiveCfg = Debug|Any CPU
		{0D1D3A6B-1C32-47B4-AA60-2C51C537C17A}.Debug|Any CPU.Build.0 = Debug|Any CPU
		{0D1D3A6B-1C32-47B4-AA60-2C51C537C17A}.Release|Any CPU.ActiveCfg = Release|Any CPU
		{0D1D3A6B-1C32-47B4-AA60-2C51C537C17A}.Release|Any CPU.Build.0 = Release|Any CPU
		{EF4C5559-F770-4E58-A21A-A7F992B564D0}.Debug|Any CPU.ActiveCfg = Debug|Any CPU
		{EF4C5559-F770-4E58-A21A-A7F992B564D0}.Debug|Any CPU.Build.0 = Debug|Any CPU
		{EF4C5559-F770-4E58-A21A-A7F992B564D0}.Release|Any CPU.ActiveCfg = Release|Any CPU
		{EF4C5559-F770-4E58-A21A-A7F992B564D0}.Release|Any CPU.Build.0 = Release|Any CPU
		{D04D01EA-6A11-4646-879F-CA91143D0BB6}.Debug|Any CPU.ActiveCfg = Debug|Any CPU
		{D04D01EA-6A11-4646-879F-CA91143D0BB6}.Debug|Any CPU.Build.0 = Debug|Any CPU
		{D04D01EA-6A11-4646-879F-CA91143D0BB6}.Release|Any CPU.ActiveCfg = Release|Any CPU
		{D04D01EA-6A11-4646-879F-CA91143D0BB6}.Release|Any CPU.Build.0 = Release|Any CPU
		{C6D29374-0EC4-4E02-91AB-AD0F98ACA19E}.Debug|Any CPU.ActiveCfg = Debug|Any CPU
		{C6D29374-0EC4-4E02-91AB-AD0F98ACA19E}.Debug|Any CPU.Build.0 = Debug|Any CPU
		{C6D29374-0EC4-4E02-91AB-AD0F98ACA19E}.Release|Any CPU.ActiveCfg = Release|Any CPU
		{C6D29374-0EC4-4E02-91AB-AD0F98ACA19E}.Release|Any CPU.Build.0 = Release|Any CPU
		{E337CE51-D0FB-4FBD-BB49-539A8C051905}.Debug|Any CPU.ActiveCfg = Debug|Any CPU
		{E337CE51-D0FB-4FBD-BB49-539A8C051905}.Debug|Any CPU.Build.0 = Debug|Any CPU
		{E337CE51-D0FB-4FBD-BB49-539A8C051905}.Release|Any CPU.ActiveCfg = Release|Any CPU
		{E337CE51-D0FB-4FBD-BB49-539A8C051905}.Release|Any CPU.Build.0 = Release|Any CPU
		{5C692F9E-7EE5-4F22-B098-E689EBBC1DC6}.Debug|Any CPU.ActiveCfg = Debug|Any CPU
		{5C692F9E-7EE5-4F22-B098-E689EBBC1DC6}.Debug|Any CPU.Build.0 = Debug|Any CPU
		{5C692F9E-7EE5-4F22-B098-E689EBBC1DC6}.Release|Any CPU.ActiveCfg = Release|Any CPU
		{5C692F9E-7EE5-4F22-B098-E689EBBC1DC6}.Release|Any CPU.Build.0 = Release|Any CPU
		{A9F94E72-2DBB-466B-B814-769A18A34AFE}.Debug|Any CPU.ActiveCfg = Debug|Any CPU
		{A9F94E72-2DBB-466B-B814-769A18A34AFE}.Debug|Any CPU.Build.0 = Debug|Any CPU
		{A9F94E72-2DBB-466B-B814-769A18A34AFE}.Release|Any CPU.ActiveCfg = Release|Any CPU
		{A9F94E72-2DBB-466B-B814-769A18A34AFE}.Release|Any CPU.Build.0 = Release|Any CPU
		{A6405270-1DE7-4D4B-BD26-4C1C563DAF6A}.Debug|Any CPU.ActiveCfg = Debug|Any CPU
		{A6405270-1DE7-4D4B-BD26-4C1C563DAF6A}.Debug|Any CPU.Build.0 = Debug|Any CPU
		{A6405270-1DE7-4D4B-BD26-4C1C563DAF6A}.Release|Any CPU.ActiveCfg = Release|Any CPU
		{A6405270-1DE7-4D4B-BD26-4C1C563DAF6A}.Release|Any CPU.Build.0 = Release|Any CPU
		{9330F299-E800-451B-9DB3-9CBB08EC3B25}.Debug|Any CPU.ActiveCfg = Debug|Any CPU
		{9330F299-E800-451B-9DB3-9CBB08EC3B25}.Debug|Any CPU.Build.0 = Debug|Any CPU
		{9330F299-E800-451B-9DB3-9CBB08EC3B25}.Release|Any CPU.ActiveCfg = Release|Any CPU
		{9330F299-E800-451B-9DB3-9CBB08EC3B25}.Release|Any CPU.Build.0 = Release|Any CPU
		{325A8943-C71A-4502-A95D-C0476A7645A8}.Debug|Any CPU.ActiveCfg = Debug|Any CPU
		{325A8943-C71A-4502-A95D-C0476A7645A8}.Debug|Any CPU.Build.0 = Debug|Any CPU
		{325A8943-C71A-4502-A95D-C0476A7645A8}.Release|Any CPU.ActiveCfg = Release|Any CPU
		{325A8943-C71A-4502-A95D-C0476A7645A8}.Release|Any CPU.Build.0 = Release|Any CPU
		{E7F2246C-CB87-4A36-8743-43E9A1AACB03}.Debug|Any CPU.ActiveCfg = Debug|Any CPU
		{E7F2246C-CB87-4A36-8743-43E9A1AACB03}.Debug|Any CPU.Build.0 = Debug|Any CPU
		{E7F2246C-CB87-4A36-8743-43E9A1AACB03}.Release|Any CPU.ActiveCfg = Release|Any CPU
		{E7F2246C-CB87-4A36-8743-43E9A1AACB03}.Release|Any CPU.Build.0 = Release|Any CPU
		{3F02BB37-E1A1-4A0C-B8AC-E695282CADFB}.Debug|Any CPU.ActiveCfg = Debug|Any CPU
		{3F02BB37-E1A1-4A0C-B8AC-E695282CADFB}.Debug|Any CPU.Build.0 = Debug|Any CPU
		{3F02BB37-E1A1-4A0C-B8AC-E695282CADFB}.Release|Any CPU.ActiveCfg = Release|Any CPU
		{3F02BB37-E1A1-4A0C-B8AC-E695282CADFB}.Release|Any CPU.Build.0 = Release|Any CPU
		{C9FE0199-4334-4347-BF08-027A4BEC16B2}.Debug|Any CPU.ActiveCfg = Debug|Any CPU
		{C9FE0199-4334-4347-BF08-027A4BEC16B2}.Debug|Any CPU.Build.0 = Debug|Any CPU
		{C9FE0199-4334-4347-BF08-027A4BEC16B2}.Release|Any CPU.ActiveCfg = Release|Any CPU
		{C9FE0199-4334-4347-BF08-027A4BEC16B2}.Release|Any CPU.Build.0 = Release|Any CPU
	EndGlobalSection
	GlobalSection(NestedProjects) = preSolution
		{59266E3F-A056-48B6-A2EC-CBBAFD1AB326} = {3463386F-B8D6-4899-A736-63B07DB9D55D}
		{4AC02408-1993-4B1C-9313-BE3FE9B1A2D5} = {3463386F-B8D6-4899-A736-63B07DB9D55D}
		{0C577CA4-36B0-42BA-9D3A-49B7824F3B43} = {3463386F-B8D6-4899-A736-63B07DB9D55D}
		{218A6626-EF56-4221-B75E-9E80221F278F} = {3463386F-B8D6-4899-A736-63B07DB9D55D}
		{9A8D4D9A-E916-498F-9C9F-159558CFD67B} = {3463386F-B8D6-4899-A736-63B07DB9D55D}
		{0B282BE4-D8E4-4AF6-A8CC-216751DD85ED} = {3463386F-B8D6-4899-A736-63B07DB9D55D}
		{67D76668-D397-4DC1-9444-084899F74A7C} = {3463386F-B8D6-4899-A736-63B07DB9D55D}
		{531D1C8C-9286-47FE-AE9C-662A14B2B425} = {3463386F-B8D6-4899-A736-63B07DB9D55D}
		{EB3E10B0-F10B-4849-A504-201CE248EE03} = {3463386F-B8D6-4899-A736-63B07DB9D55D}
		{117E443F-1783-49E3-A628-83AECE716B0D} = {3463386F-B8D6-4899-A736-63B07DB9D55D}
		{06D36A36-6123-445E-A4CD-08DF86C985ED} = {3463386F-B8D6-4899-A736-63B07DB9D55D}
		{32ED8CA4-0C23-4CE4-BFB8-C36E214754DD} = {3463386F-B8D6-4899-A736-63B07DB9D55D}
		{96F847A4-1016-4B2B-B9AD-2B5D8369442C} = {3463386F-B8D6-4899-A736-63B07DB9D55D}
		{3DBBE9D1-D33B-4C61-B4D0-B949C52A7A25} = {3463386F-B8D6-4899-A736-63B07DB9D55D}
		{7C035449-F57B-4C66-BCC0-72119C65F1F8} = {D65CBABA-B5EA-4857-B842-15FBE3FF0801}
		{DB2C0DA0-A311-4581-A006-1868185A55FC} = {D65CBABA-B5EA-4857-B842-15FBE3FF0801}
		{0D1D3A6B-1C32-47B4-AA60-2C51C537C17A} = {3463386F-B8D6-4899-A736-63B07DB9D55D}
		{EF4C5559-F770-4E58-A21A-A7F992B564D0} = {3463386F-B8D6-4899-A736-63B07DB9D55D}
		{D04D01EA-6A11-4646-879F-CA91143D0BB6} = {3463386F-B8D6-4899-A736-63B07DB9D55D}
		{C6D29374-0EC4-4E02-91AB-AD0F98ACA19E} = {3463386F-B8D6-4899-A736-63B07DB9D55D}
		{E337CE51-D0FB-4FBD-BB49-539A8C051905} = {3463386F-B8D6-4899-A736-63B07DB9D55D}
		{5C692F9E-7EE5-4F22-B098-E689EBBC1DC6} = {3463386F-B8D6-4899-A736-63B07DB9D55D}
		{A9F94E72-2DBB-466B-B814-769A18A34AFE} = {3463386F-B8D6-4899-A736-63B07DB9D55D}
		{A6405270-1DE7-4D4B-BD26-4C1C563DAF6A} = {3463386F-B8D6-4899-A736-63B07DB9D55D}
		{9330F299-E800-451B-9DB3-9CBB08EC3B25} = {3463386F-B8D6-4899-A736-63B07DB9D55D}
		{325A8943-C71A-4502-A95D-C0476A7645A8} = {3463386F-B8D6-4899-A736-63B07DB9D55D}
		{E7F2246C-CB87-4A36-8743-43E9A1AACB03} = {3463386F-B8D6-4899-A736-63B07DB9D55D}
		{3F02BB37-E1A1-4A0C-B8AC-E695282CADFB} = {3463386F-B8D6-4899-A736-63B07DB9D55D}
		{C9FE0199-4334-4347-BF08-027A4BEC16B2} = {3463386F-B8D6-4899-A736-63B07DB9D55D}
	EndGlobalSection
EndGlobal
